
Microsoft Visual Studio Solution File, Format Version 12.00
# Visual Studio Version 17
VisualStudioVersion = 17.11.35327.3
MinimumVisualStudioVersion = 10.0.40219.1
Project("{9A19103F-16F7-4668-BE54-9A1E7A4F7556}") = "AdventOfCode_2024", "AdventOfCode_2024\AdventOfCode_2024.csproj", "{ABE5D19E-3FCC-4F35-B40B-631E3063E495}"
EndProject
Project("{9A19103F-16F7-4668-BE54-9A1E7A4F7556}") = "AdventOfCode_02", "AdventOfCode_02\AdventOfCode_02.csproj", "{0AE63474-B31D-4332-9BAD-FFFCE454C3E9}"
EndProject
Project("{9A19103F-16F7-4668-BE54-9A1E7A4F7556}") = "AdventOfCode_03", "AdventOfCode_03\AdventOfCode_03.csproj", "{AA6BEF01-3FB6-4F94-B11A-61CBB8C469D2}"
EndProject
Project("{9A19103F-16F7-4668-BE54-9A1E7A4F7556}") = "AdventOfCode_04", "AdventOfCode_04\AdventOfCode_04.csproj", "{65EDE995-7122-4FCA-9080-F2E94C972ADF}"
EndProject
Project("{9A19103F-16F7-4668-BE54-9A1E7A4F7556}") = "AdventOfCode_05", "AdventOfCode_05\AdventOfCode_05.csproj", "{3E2B6AFB-78D8-4B5A-9B1C-006958C508BB}"
EndProject
Project("{9A19103F-16F7-4668-BE54-9A1E7A4F7556}") = "AdventOfCode_06", "AdventOfCode_06\AdventOfCode_06.csproj", "{3E8F9708-ACC9-4426-A814-3B3F7C563548}"
EndProject
Project("{9A19103F-16F7-4668-BE54-9A1E7A4F7556}") = "AdventOfCode_07", "AdventOfCode_07\AdventOfCode_07.csproj", "{6F674C61-31DB-4D78-BC8D-D8A2D77FF815}"
EndProject
Project("{9A19103F-16F7-4668-BE54-9A1E7A4F7556}") = "AdventOfCode_Helper", "AdventOfCode_Helper\AdventOfCode_Helper.csproj", "{E6BA506B-DF24-4E81-AD06-92B6608D2D05}"
EndProject
Project("{FAE04EC0-301F-11D3-BF4B-00C04F79EFBC}") = "AdventOfCode_08", "AdventOfCode_08\AdventOfCode_08.csproj", "{3082C106-D922-4C40-98CB-3875600D640D}"
EndProject
Global
	GlobalSection(SolutionConfigurationPlatforms) = preSolution
		Debug|Any CPU = Debug|Any CPU
		Release|Any CPU = Release|Any CPU
	EndGlobalSection
	GlobalSection(ProjectConfigurationPlatforms) = postSolution
		{ABE5D19E-3FCC-4F35-B40B-631E3063E495}.Debug|Any CPU.ActiveCfg = Debug|Any CPU
		{ABE5D19E-3FCC-4F35-B40B-631E3063E495}.Debug|Any CPU.Build.0 = Debug|Any CPU
		{ABE5D19E-3FCC-4F35-B40B-631E3063E495}.Release|Any CPU.ActiveCfg = Release|Any CPU
		{ABE5D19E-3FCC-4F35-B40B-631E3063E495}.Release|Any CPU.Build.0 = Release|Any CPU
		{0AE63474-B31D-4332-9BAD-FFFCE454C3E9}.Debug|Any CPU.ActiveCfg = Debug|Any CPU
		{0AE63474-B31D-4332-9BAD-FFFCE454C3E9}.Debug|Any CPU.Build.0 = Debug|Any CPU
		{0AE63474-B31D-4332-9BAD-FFFCE454C3E9}.Release|Any CPU.ActiveCfg = Release|Any CPU
		{0AE63474-B31D-4332-9BAD-FFFCE454C3E9}.Release|Any CPU.Build.0 = Release|Any CPU
		{AA6BEF01-3FB6-4F94-B11A-61CBB8C469D2}.Debug|Any CPU.ActiveCfg = Debug|Any CPU
		{AA6BEF01-3FB6-4F94-B11A-61CBB8C469D2}.Debug|Any CPU.Build.0 = Debug|Any CPU
		{AA6BEF01-3FB6-4F94-B11A-61CBB8C469D2}.Release|Any CPU.ActiveCfg = Release|Any CPU
		{AA6BEF01-3FB6-4F94-B11A-61CBB8C469D2}.Release|Any CPU.Build.0 = Release|Any CPU
		{65EDE995-7122-4FCA-9080-F2E94C972ADF}.Debug|Any CPU.ActiveCfg = Debug|Any CPU
		{65EDE995-7122-4FCA-9080-F2E94C972ADF}.Debug|Any CPU.Build.0 = Debug|Any CPU
		{65EDE995-7122-4FCA-9080-F2E94C972ADF}.Release|Any CPU.ActiveCfg = Release|Any CPU
		{65EDE995-7122-4FCA-9080-F2E94C972ADF}.Release|Any CPU.Build.0 = Release|Any CPU
		{3E2B6AFB-78D8-4B5A-9B1C-006958C508BB}.Debug|Any CPU.ActiveCfg = Debug|Any CPU
		{3E2B6AFB-78D8-4B5A-9B1C-006958C508BB}.Debug|Any CPU.Build.0 = Debug|Any CPU
		{3E2B6AFB-78D8-4B5A-9B1C-006958C508BB}.Release|Any CPU.ActiveCfg = Release|Any CPU
		{3E2B6AFB-78D8-4B5A-9B1C-006958C508BB}.Release|Any CPU.Build.0 = Release|Any CPU
		{3E8F9708-ACC9-4426-A814-3B3F7C563548}.Debug|Any CPU.ActiveCfg = Debug|Any CPU
		{3E8F9708-ACC9-4426-A814-3B3F7C563548}.Debug|Any CPU.Build.0 = Debug|Any CPU
		{3E8F9708-ACC9-4426-A814-3B3F7C563548}.Release|Any CPU.ActiveCfg = Release|Any CPU
		{3E8F9708-ACC9-4426-A814-3B3F7C563548}.Release|Any CPU.Build.0 = Release|Any CPU
		{6F674C61-31DB-4D78-BC8D-D8A2D77FF815}.Debug|Any CPU.ActiveCfg = Debug|Any CPU
		{6F674C61-31DB-4D78-BC8D-D8A2D77FF815}.Debug|Any CPU.Build.0 = Debug|Any CPU
		{6F674C61-31DB-4D78-BC8D-D8A2D77FF815}.Release|Any CPU.ActiveCfg = Release|Any CPU
		{6F674C61-31DB-4D78-BC8D-D8A2D77FF815}.Release|Any CPU.Build.0 = Release|Any CPU
		{E6BA506B-DF24-4E81-AD06-92B6608D2D05}.Debug|Any CPU.ActiveCfg = Debug|Any CPU
		{E6BA506B-DF24-4E81-AD06-92B6608D2D05}.Debug|Any CPU.Build.0 = Debug|Any CPU
		{E6BA506B-DF24-4E81-AD06-92B6608D2D05}.Release|Any CPU.ActiveCfg = Release|Any CPU
		{E6BA506B-DF24-4E81-AD06-92B6608D2D05}.Release|Any CPU.Build.0 = Release|Any CPU
		{3082C106-D922-4C40-98CB-3875600D640D}.Debug|Any CPU.ActiveCfg = Debug|Any CPU
		{3082C106-D922-4C40-98CB-3875600D640D}.Debug|Any CPU.Build.0 = Debug|Any CPU
		{3082C106-D922-4C40-98CB-3875600D640D}.Release|Any CPU.ActiveCfg = Release|Any CPU
		{3082C106-D922-4C40-98CB-3875600D640D}.Release|Any CPU.Build.0 = Release|Any CPU
	EndGlobalSection
	GlobalSection(SolutionProperties) = preSolution
		HideSolutionNode = FALSE
	EndGlobalSection
	GlobalSection(ExtensibilityGlobals) = postSolution
		SolutionGuid = {1713D4AE-5B74-4E05-858C-4DB0691529C9}
	EndGlobalSection
EndGlobal
